
Microsoft Visual Studio Solution File, Format Version 12.00
# Visual Studio Version 17
VisualStudioVersion = 17.8.34601.278
MinimumVisualStudioVersion = 10.0.40219.1
Project("{8BC9CEB8-8B4A-11D0-8D11-00A0C91BC942}") = "02_Search", "02_Search\02_Search.vcxproj", "{E55E92AE-FD04-476E-BBDC-30EC7AEFEAEE}"
EndProject
Project("{8BC9CEB8-8B4A-11D0-8D11-00A0C91BC942}") = "01_Notepad", "01_Notepad\01_Notepad.vcxproj", "{DFB6958D-AB57-44BB-B6FE-7B388EEEE306}"
EndProject
Project("{8BC9CEB8-8B4A-11D0-8D11-00A0C91BC942}") = "03_Stack", "03_Stack\03_Stack.vcxproj", "{51D34DCA-BDB2-4E6F-9FE0-EDC88BD5B470}"
EndProject
Project("{8BC9CEB8-8B4A-11D0-8D11-00A0C91BC942}") = "04_Queue", "04_Queue\04_Queue.vcxproj", "{49E27287-D8D7-4B4F-BCE8-553EE8ABE551}"
EndProject
Project("{8BC9CEB8-8B4A-11D0-8D11-00A0C91BC942}") = "05_LinkedList", "05_LinkedList\05_LinkedList.vcxproj", "{2B839559-6BC1-4F84-A779-7826EC1E1BE7}"
EndProject
Project("{8BC9CEB8-8B4A-11D0-8D11-00A0C91BC942}") = "06_Tree", "06_Tree\06_Tree.vcxproj", "{AD36119B-75DD-4B26-8661-08CAC509DC22}"
EndProject
Project("{8BC9CEB8-8B4A-11D0-8D11-00A0C91BC942}") = "07_Heap", "07_Heap\07_Heap.vcxproj", "{BC5D70E6-7BB3-4E1E-A3D9-FA0DEAB03446}"
EndProject
Project("{8BC9CEB8-8B4A-11D0-8D11-00A0C91BC942}") = "08_BinaryTree", "08_BinaryTree\08_BinaryTree.vcxproj", "{0D72445C-C2D6-433A-A01D-DCE617398177}"
EndProject
Project("{8BC9CEB8-8B4A-11D0-8D11-00A0C91BC942}") = "09_Sort", "09_Sort\09_Sort.vcxproj", "{C84294B6-1A61-4D91-9465-7D4A7C9ED642}"
EndProject
Project("{8BC9CEB8-8B4A-11D0-8D11-00A0C91BC942}") = "10_Hashing", "10_Hashing\10_Hashing.vcxproj", "{336D3FBA-658E-4B6B-8C29-1B1E52C4BBD1}"
EndProject
Project("{8BC9CEB8-8B4A-11D0-8D11-00A0C91BC942}") = "11_Graph", "11_Graph\11_Graph.vcxproj", "{4D055E32-250E-4DA6-BC82-0864EE850AE8}"
EndProject
Global
	GlobalSection(SolutionConfigurationPlatforms) = preSolution
		Debug|x64 = Debug|x64
		Debug|x86 = Debug|x86
		Release|x64 = Release|x64
		Release|x86 = Release|x86
	EndGlobalSection
	GlobalSection(ProjectConfigurationPlatforms) = postSolution
		{E55E92AE-FD04-476E-BBDC-30EC7AEFEAEE}.Debug|x64.ActiveCfg = Debug|x64
		{E55E92AE-FD04-476E-BBDC-30EC7AEFEAEE}.Debug|x64.Build.0 = Debug|x64
		{E55E92AE-FD04-476E-BBDC-30EC7AEFEAEE}.Debug|x86.ActiveCfg = Debug|Win32
		{E55E92AE-FD04-476E-BBDC-30EC7AEFEAEE}.Debug|x86.Build.0 = Debug|Win32
		{E55E92AE-FD04-476E-BBDC-30EC7AEFEAEE}.Release|x64.ActiveCfg = Release|x64
		{E55E92AE-FD04-476E-BBDC-30EC7AEFEAEE}.Release|x64.Build.0 = Release|x64
		{E55E92AE-FD04-476E-BBDC-30EC7AEFEAEE}.Release|x86.ActiveCfg = Release|Win32
		{E55E92AE-FD04-476E-BBDC-30EC7AEFEAEE}.Release|x86.Build.0 = Release|Win32
		{DFB6958D-AB57-44BB-B6FE-7B388EEEE306}.Debug|x64.ActiveCfg = Debug|x64
		{DFB6958D-AB57-44BB-B6FE-7B388EEEE306}.Debug|x64.Build.0 = Debug|x64
		{DFB6958D-AB57-44BB-B6FE-7B388EEEE306}.Debug|x86.ActiveCfg = Debug|Win32
		{DFB6958D-AB57-44BB-B6FE-7B388EEEE306}.Debug|x86.Build.0 = Debug|Win32
		{DFB6958D-AB57-44BB-B6FE-7B388EEEE306}.Release|x64.ActiveCfg = Release|x64
		{DFB6958D-AB57-44BB-B6FE-7B388EEEE306}.Release|x64.Build.0 = Release|x64
		{DFB6958D-AB57-44BB-B6FE-7B388EEEE306}.Release|x86.ActiveCfg = Release|Win32
		{DFB6958D-AB57-44BB-B6FE-7B388EEEE306}.Release|x86.Build.0 = Release|Win32
		{51D34DCA-BDB2-4E6F-9FE0-EDC88BD5B470}.Debug|x64.ActiveCfg = Debug|x64
		{51D34DCA-BDB2-4E6F-9FE0-EDC88BD5B470}.Debug|x64.Build.0 = Debug|x64
		{51D34DCA-BDB2-4E6F-9FE0-EDC88BD5B470}.Debug|x86.ActiveCfg = Debug|Win32
		{51D34DCA-BDB2-4E6F-9FE0-EDC88BD5B470}.Debug|x86.Build.0 = Debug|Win32
		{51D34DCA-BDB2-4E6F-9FE0-EDC88BD5B470}.Release|x64.ActiveCfg = Release|x64
		{51D34DCA-BDB2-4E6F-9FE0-EDC88BD5B470}.Release|x64.Build.0 = Release|x64
		{51D34DCA-BDB2-4E6F-9FE0-EDC88BD5B470}.Release|x86.ActiveCfg = Release|Win32
		{51D34DCA-BDB2-4E6F-9FE0-EDC88BD5B470}.Release|x86.Build.0 = Release|Win32
		{49E27287-D8D7-4B4F-BCE8-553EE8ABE551}.Debug|x64.ActiveCfg = Debug|x64
		{49E27287-D8D7-4B4F-BCE8-553EE8ABE551}.Debug|x64.Build.0 = Debug|x64
		{49E27287-D8D7-4B4F-BCE8-553EE8ABE551}.Debug|x86.ActiveCfg = Debug|Win32
		{49E27287-D8D7-4B4F-BCE8-553EE8ABE551}.Debug|x86.Build.0 = Debug|Win32
		{49E27287-D8D7-4B4F-BCE8-553EE8ABE551}.Release|x64.ActiveCfg = Release|x64
		{49E27287-D8D7-4B4F-BCE8-553EE8ABE551}.Release|x64.Build.0 = Release|x64
		{49E27287-D8D7-4B4F-BCE8-553EE8ABE551}.Release|x86.ActiveCfg = Release|Win32
		{49E27287-D8D7-4B4F-BCE8-553EE8ABE551}.Release|x86.Build.0 = Release|Win32
		{2B839559-6BC1-4F84-A779-7826EC1E1BE7}.Debug|x64.ActiveCfg = Debug|x64
		{2B839559-6BC1-4F84-A779-7826EC1E1BE7}.Debug|x64.Build.0 = Debug|x64
		{2B839559-6BC1-4F84-A779-7826EC1E1BE7}.Debug|x86.ActiveCfg = Debug|Win32
		{2B839559-6BC1-4F84-A779-7826EC1E1BE7}.Debug|x86.Build.0 = Debug|Win32
		{2B839559-6BC1-4F84-A779-7826EC1E1BE7}.Release|x64.ActiveCfg = Release|x64
		{2B839559-6BC1-4F84-A779-7826EC1E1BE7}.Release|x64.Build.0 = Release|x64
		{2B839559-6BC1-4F84-A779-7826EC1E1BE7}.Release|x86.ActiveCfg = Release|Win32
		{2B839559-6BC1-4F84-A779-7826EC1E1BE7}.Release|x86.Build.0 = Release|Win32
		{AD36119B-75DD-4B26-8661-08CAC509DC22}.Debug|x64.ActiveCfg = Debug|x64
		{AD36119B-75DD-4B26-8661-08CAC509DC22}.Debug|x64.Build.0 = Debug|x64
		{AD36119B-75DD-4B26-8661-08CAC509DC22}.Debug|x86.ActiveCfg = Debug|Win32
		{AD36119B-75DD-4B26-8661-08CAC509DC22}.Debug|x86.Build.0 = Debug|Win32
		{AD36119B-75DD-4B26-8661-08CAC509DC22}.Release|x64.ActiveCfg = Release|x64
		{AD36119B-75DD-4B26-8661-08CAC509DC22}.Release|x64.Build.0 = Release|x64
		{AD36119B-75DD-4B26-8661-08CAC509DC22}.Release|x86.ActiveCfg = Release|Win32
		{AD36119B-75DD-4B26-8661-08CAC509DC22}.Release|x86.Build.0 = Release|Win32
		{BC5D70E6-7BB3-4E1E-A3D9-FA0DEAB03446}.Debug|x64.ActiveCfg = Debug|x64
		{BC5D70E6-7BB3-4E1E-A3D9-FA0DEAB03446}.Debug|x64.Build.0 = Debug|x64
		{BC5D70E6-7BB3-4E1E-A3D9-FA0DEAB03446}.Debug|x86.ActiveCfg = Debug|Win32
		{BC5D70E6-7BB3-4E1E-A3D9-FA0DEAB03446}.Debug|x86.Build.0 = Debug|Win32
		{BC5D70E6-7BB3-4E1E-A3D9-FA0DEAB03446}.Release|x64.ActiveCfg = Release|x64
		{BC5D70E6-7BB3-4E1E-A3D9-FA0DEAB03446}.Release|x64.Build.0 = Release|x64
		{BC5D70E6-7BB3-4E1E-A3D9-FA0DEAB03446}.Release|x86.ActiveCfg = Release|Win32
		{BC5D70E6-7BB3-4E1E-A3D9-FA0DEAB03446}.Release|x86.Build.0 = Release|Win32
		{0D72445C-C2D6-433A-A01D-DCE617398177}.Debug|x64.ActiveCfg = Debug|x64
		{0D72445C-C2D6-433A-A01D-DCE617398177}.Debug|x64.Build.0 = Debug|x64
		{0D72445C-C2D6-433A-A01D-DCE617398177}.Debug|x86.ActiveCfg = Debug|Win32
		{0D72445C-C2D6-433A-A01D-DCE617398177}.Debug|x86.Build.0 = Debug|Win32
		{0D72445C-C2D6-433A-A01D-DCE617398177}.Release|x64.ActiveCfg = Release|x64
		{0D72445C-C2D6-433A-A01D-DCE617398177}.Release|x64.Build.0 = Release|x64
		{0D72445C-C2D6-433A-A01D-DCE617398177}.Release|x86.ActiveCfg = Release|Win32
		{0D72445C-C2D6-433A-A01D-DCE617398177}.Release|x86.Build.0 = Release|Win32
		{C84294B6-1A61-4D91-9465-7D4A7C9ED642}.Debug|x64.ActiveCfg = Debug|x64
		{C84294B6-1A61-4D91-9465-7D4A7C9ED642}.Debug|x64.Build.0 = Debug|x64
		{C84294B6-1A61-4D91-9465-7D4A7C9ED642}.Debug|x86.ActiveCfg = Debug|Win32
		{C84294B6-1A61-4D91-9465-7D4A7C9ED642}.Debug|x86.Build.0 = Debug|Win32
		{C84294B6-1A61-4D91-9465-7D4A7C9ED642}.Release|x64.ActiveCfg = Release|x64
		{C84294B6-1A61-4D91-9465-7D4A7C9ED642}.Release|x64.Build.0 = Release|x64
		{C84294B6-1A61-4D91-9465-7D4A7C9ED642}.Release|x86.ActiveCfg = Release|Win32
		{C84294B6-1A61-4D91-9465-7D4A7C9ED642}.Release|x86.Build.0 = Release|Win32
		{336D3FBA-658E-4B6B-8C29-1B1E52C4BBD1}.Debug|x64.ActiveCfg = Debug|x64
		{336D3FBA-658E-4B6B-8C29-1B1E52C4BBD1}.Debug|x64.Build.0 = Debug|x64
		{336D3FBA-658E-4B6B-8C29-1B1E52C4BBD1}.Debug|x86.ActiveCfg = Debug|Win32
		{336D3FBA-658E-4B6B-8C29-1B1E52C4BBD1}.Debug|x86.Build.0 = Debug|Win32
		{336D3FBA-658E-4B6B-8C29-1B1E52C4BBD1}.Release|x64.ActiveCfg = Release|x64
		{336D3FBA-658E-4B6B-8C29-1B1E52C4BBD1}.Release|x64.Build.0 = Release|x64
		{336D3FBA-658E-4B6B-8C29-1B1E52C4BBD1}.Release|x86.ActiveCfg = Release|Win32
		{336D3FBA-658E-4B6B-8C29-1B1E52C4BBD1}.Release|x86.Build.0 = Release|Win32
		{4D055E32-250E-4DA6-BC82-0864EE850AE8}.Debug|x64.ActiveCfg = Debug|x64
		{4D055E32-250E-4DA6-BC82-0864EE850AE8}.Debug|x64.Build.0 = Debug|x64
		{4D055E32-250E-4DA6-BC82-0864EE850AE8}.Debug|x86.ActiveCfg = Debug|Win32
		{4D055E32-250E-4DA6-BC82-0864EE850AE8}.Debug|x86.Build.0 = Debug|Win32
		{4D055E32-250E-4DA6-BC82-0864EE850AE8}.Release|x64.ActiveCfg = Release|x64
		{4D055E32-250E-4DA6-BC82-0864EE850AE8}.Release|x64.Build.0 = Release|x64
		{4D055E32-250E-4DA6-BC82-0864EE850AE8}.Release|x86.ActiveCfg = Release|Win32
		{4D055E32-250E-4DA6-BC82-0864EE850AE8}.Release|x86.Build.0 = Release|Win32
	EndGlobalSection
	GlobalSection(SolutionProperties) = preSolution
		HideSolutionNode = FALSE
	EndGlobalSection
	GlobalSection(ExtensibilityGlobals) = postSolution
		SolutionGuid = {F775BF97-64D0-4E5D-B04D-A5E30F7B0EFF}
	EndGlobalSection
EndGlobal
